DEPENDENCIES
  apt
  build-essential
  dependencies
    git: git://github.com/aws/opsworks-cookbooks.git
    revision: 9c67a50d2802569bc369cb70fe5ea2df25d0d88f
    tag: release-chef-11.10
    rel: dependencies
  deploy
    git: git://github.com/aws/opsworks-cookbooks.git
    revision: 9c67a50d2802569bc369cb70fe5ea2df25d0d88f
    tag: release-chef-11.10
    rel: deploy
  gem_support
    git: git://github.com/aws/opsworks-cookbooks.git
    revision: 9c67a50d2802569bc369cb70fe5ea2df25d0d88f
    tag: release-chef-11.10
    rel: gem_support
  git
  gunicorn
  haproxy
    git: git://github.com/aws/opsworks-cookbooks.git
    revision: 9c67a50d2802569bc369cb70fe5ea2df25d0d88f
    tag: release-chef-11.10
    rel: haproxy
  line
  mod_php5_apache2
    git: git://github.com/aws/opsworks-cookbooks.git
    revision: 9c67a50d2802569bc369cb70fe5ea2df25d0d88f
    tag: release-chef-11.10
    rel: mod_php5_apache2
  mongodb
  nfs
  nodejs
  npm
  opsworks_agent_monit
    git: git://github.com/aws/opsworks-cookbooks.git
    revision: 9c67a50d2802569bc369cb70fe5ea2df25d0d88f
    tag: release-chef-11.10
    rel: opsworks_agent_monit
  opsworks_commons
    git: git://github.com/aws/opsworks-cookbooks.git
    revision: 9c67a50d2802569bc369cb70fe5ea2df25d0d88f
    tag: release-chef-11.10
    rel: opsworks_commons
  opsworks_initial_setup
    git: git://github.com/aws/opsworks-cookbooks.git
    revision: 9c67a50d2802569bc369cb70fe5ea2df25d0d88f
    tag: release-chef-11.10
    rel: opsworks_initial_setup
  opsworks_java
    git: git://github.com/aws/opsworks-cookbooks.git
    revision: 9c67a50d2802569bc369cb70fe5ea2df25d0d88f
    tag: release-chef-11.10
    rel: opsworks_java
  opsworks_nodejs
    git: git://github.com/aws/opsworks-cookbooks.git
    revision: 9c67a50d2802569bc369cb70fe5ea2df25d0d88f
    tag: release-chef-11.10
    rel: opsworks_nodejs
  python
  rabbitmq
  redisio
  runit
  scm_helper
    git: git://github.com/aws/opsworks-cookbooks.git
    revision: 9c67a50d2802569bc369cb70fe5ea2df25d0d88f
    tag: release-chef-11.10
    rel: scm_helper
  sqlite
  ssh_users
    git: git://github.com/aws/opsworks-cookbooks.git
    revision: 9c67a50d2802569bc369cb70fe5ea2df25d0d88f
    tag: release-chef-11.10
    rel: ssh_users
  supervisor
  ulimit
  uwsgi
  varnish
  yum
  yum-epel

GRAPH
  7-zip (1.0.2)
    windows (>= 1.2.2)
  apache2 (1.11.0)
    freebsd (>= 0.0.0)
    iptables (>= 0.0.0)
    logrotate (>= 0.0.0)
    pacman (>= 0.0.0)
  apt (2.4.0)
  ark (0.9.0)
    7-zip (>= 0.0.0)
    windows (>= 0.0.0)
  bluepill (2.3.1)
    rsyslog (>= 0.0.0)
  build-essential (2.0.4)
  chef-sugar (2.0.0)
  chef_handler (1.1.6)
  conffile (0.4.2)
    gem_specific_install (~> 0.2.0)
  dependencies (1.0.0)
    gem_support (>= 0.0.0)
    opsworks_nodejs (>= 0.0.0)
    packages (>= 0.0.0)
    ruby (>= 0.0.0)
  deploy (1.0.0)
    apache2 (>= 0.0.0)
    dependencies (>= 0.0.0)
    mod_php5_apache2 (>= 0.0.0)
    mysql (>= 0.0.0)
    nginx (>= 0.0.0)
    opsworks_agent_monit (>= 0.0.0)
    opsworks_java (>= 0.0.0)
    passenger_apache2 (>= 0.0.0)
    php (>= 0.0.0)
    scm_helper (>= 0.0.0)
    ssh_users (>= 0.0.0)
    unicorn (>= 0.0.0)
  dmg (2.2.0)
  erlang (1.5.6)
    apt (>= 1.7.0)
    build-essential (>= 0.0.0)
    yum (~> 3.0)
    yum-epel (>= 0.0.0)
    yum-erlang_solutions (>= 0.0.0)
  freebsd (0.1.9)
  gem_specific_install (0.2.4)
    git (>= 0.0.0)
  gem_support (1.0.0)
  git (4.0.2)
    build-essential (>= 0.0.0)
    dmg (>= 0.0.0)
    runit (>= 1.0.0)
    windows (>= 0.0.0)
    yum (~> 3.0)
    yum-epel (>= 0.0.0)
  gunicorn (1.1.6)
    python (>= 0.0.0)
  haproxy (1.0.0)
    opsworks_commons (>= 0.0.0)
  iis (2.1.2)
    windows (>= 1.2.6)
  iptables (0.13.2)
  line (0.5.1)
  logrotate (1.6.0)
  mod_php5_apache2 (1.0.0)
    apache2 (>= 0.0.0)
  mongodb (0.16.1)
    apt (>= 1.8.2)
    python (>= 0.0.0)
    runit (>= 1.5.0)
    yum (>= 3.0)
  mysql (5.3.6)
    yum-mysql-community (>= 0.0.0)
  nfs (2.0.0)
    line (>= 0.0.0)
  nginx (2.7.4)
    apt (~> 2.2)
    bluepill (~> 2.3)
    build-essential (~> 2.0)
    ohai (~> 2.0)
    runit (~> 1.2)
    yum-epel (~> 0.3)
  nodejs (2.0.0)
    apt (>= 0.0.0)
    ark (>= 0.0.0)
    build-essential (>= 0.0.0)
    yum-epel (>= 0.0.0)
  npm (0.1.2)
    nodejs (>= 0.0.0)
  ohai (2.0.1)
  opsworks_agent_monit (1.0.0)
    opsworks_initial_setup (>= 0.0.0)
  opsworks_commons (1.0.0)
    dependencies (>= 0.0.0)
  opsworks_initial_setup (1.0.0)
    opsworks_commons (>= 0.0.0)
  opsworks_java (1.0.0)
    apache2 (>= 0.0.0)
  opsworks_nodejs (1.0.0)
    deploy (>= 0.0.0)
    opsworks_commons (>= 0.0.0)
  packages (0.1.0)
  pacman (1.1.1)
  passenger_apache2 (2.2.0)
    apache2 (>= 1.0.4)
    build-essential (>= 0.0.0)
  php (1.4.6)
    build-essential (>= 0.0.0)
    iis (>= 0.0.0)
    mysql (>= 0.0.0)
    windows (>= 0.0.0)
    xml (>= 0.0.0)
    yum-epel (>= 0.0.0)
  python (1.4.6)
    build-essential (>= 0.0.0)
    yum-epel (>= 0.0.0)
  rabbitmq (3.2.2)
    erlang (>= 0.9.0)
  redisio (1.7.1)
    ulimit (>= 0.1.2)
  rsyslog (1.12.2)
  ruby (0.9.2)
  runit (1.5.10)
    build-essential (>= 0.0.0)
    yum (~> 3.0)
    yum-epel (>= 0.0.0)
  scm_helper (1.0.0)
    opsworks_commons (>= 0.0.0)
  sqlite (1.1.0)
  ssh_users (1.0.0)
    opsworks_initial_setup (>= 0.0.0)
  supervisor (0.4.10)
    python (>= 0.0.0)
  ulimit (0.3.2)
  unicorn (2.0.0)
  uwsgi (0.1.0)
    conffile (>= 0.0.0)
    python (>= 0.0.0)
    runit (>= 0.0.0)
  varnish (0.9.16)
    apt (~> 2.4)
    yum (~> 3.0)
  windows (1.33.1)
    chef_handler (>= 0.0.0)
  xml (1.2.6)
    build-essential (>= 0.0.0)
    chef-sugar (>= 0.0.0)
  yum (3.2.2)
  yum-epel (0.4.0)
    yum (~> 3.0)
  yum-erlang_solutions (0.2.0)
    yum (~> 3.0)
  yum-mysql-community (0.1.10)
    yum (>= 3.0)
